// !$*UTF8*$!
{
	archiveVersion = 1;
	classes = {
	};
	objectVersion = 46;
	objects = {

/* Begin PBXBuildFile section */
		DA7D2DB01DB12154002BFB07 /* main.m in Sources */ = {isa = PBXBuildFile; fileRef = DA7D2DAF1DB12154002BFB07 /* main.m */; };
		DA7D2DB31DB12154002BFB07 /* AppDelegate.m in Sources */ = {isa = PBXBuildFile; fileRef = DA7D2DB21DB12154002BFB07 /* AppDelegate.m */; };
		DA7D2DB61DB12154002BFB07 /* ViewController.m in Sources */ = {isa = PBXBuildFile; fileRef = DA7D2DB51DB12154002BFB07 /* ViewController.m */; };
		DA7D2DB91DB12154002BFB07 /* Main.storyboard in Resources */ = {isa = PBXBuildFile; fileRef = DA7D2DB71DB12154002BFB07 /* Main.storyboard */; };
		DA7D2DBB1DB12154002BFB07 /* Assets.xcassets in Resources */ = {isa = PBXBuildFile; fileRef = DA7D2DBA1DB12154002BFB07 /* Assets.xcassets */; };
		DA7D2DBE1DB12154002BFB07 /* LaunchScreen.storyboard in Resources */ = {isa = PBXBuildFile; fileRef = DA7D2DBC1DB12154002BFB07 /* LaunchScreen.storyboard */; };
		DA7D2DC91DB12154002BFB07 /* MKSimpleChartViewUITests.m in Sources */ = {isa = PBXBuildFile; fileRef = DA7D2DC81DB12154002BFB07 /* MKSimpleChartViewUITests.m */; };
		DA7D2DD81DB12243002BFB07 /* MKSimpleChartView.m in Sources */ = {isa = PBXBuildFile; fileRef = DA7D2DD31DB12243002BFB07 /* MKSimpleChartView.m */; };
		DA7D2DD91DB12243002BFB07 /* data.txt in Resources */ = {isa = PBXBuildFile; fileRef = DA7D2DD41DB12243002BFB07 /* data.txt */; };
		DA7D2DDA1DB12243002BFB07 /* UIView+FrameCategory.m in Sources */ = {isa = PBXBuildFile; fileRef = DA7D2DD71DB12243002BFB07 /* UIView+FrameCategory.m */; };
/* End PBXBuildFile section */

/* Begin PBXContainerItemProxy section */
		DA7D2DC51DB12154002BFB07 /* PBXContainerItemProxy */ = {
			isa = PBXContainerItemProxy;
			containerPortal = DA7D2DA31DB12154002BFB07 /* Project object */;
			proxyType = 1;
			remoteGlobalIDString = DA7D2DAA1DB12154002BFB07;
			remoteInfo = MKSimpleChartView;
		};
/* End PBXContainerItemProxy section */

/* Begin PBXFileReference section */
		DA7D2DAB1DB12154002BFB07 /* MKSimpleChartView.app */ = {isa = PBXFileReference; explicitFileType = wrapper.application; includeInIndex = 0; path = MKSimpleChartView.app; sourceTree = BUILT_PRODUCTS_DIR; };
		DA7D2DAF1DB12154002BFB07 /* main.m */ = {isa = PBXFileReference; lastKnownFileType = sourcecode.c.objc; path = main.m; sourceTree = "<group>"; };
		DA7D2DB11DB12154002BFB07 /* AppDelegate.h */ = {isa = PBXFileReference; lastKnownFileType = sourcecode.c.h; path = AppDelegate.h; sourceTree = "<group>"; };
		DA7D2DB21DB12154002BFB07 /* AppDelegate.m */ = {isa = PBXFileReference; lastKnownFileType = sourcecode.c.objc; path = AppDelegate.m; sourceTree = "<group>"; };
		DA7D2DB41DB12154002BFB07 /* ViewController.h */ = {isa = PBXFileReference; lastKnownFileType = sourcecode.c.h; path = ViewController.h; sourceTree = "<group>"; };
		DA7D2DB51DB12154002BFB07 /* ViewController.m */ = {isa = PBXFileReference; lastKnownFileType = sourcecode.c.objc; path = ViewController.m; sourceTree = "<group>"; };
		DA7D2DB81DB12154002BFB07 /* Base */ = {isa = PBXFileReference; lastKnownFileType = file.storyboard; name = Base; path = Base.lproj/Main.storyboard; sourceTree = "<group>"; };
		DA7D2DBA1DB12154002BFB07 /* Assets.xcassets */ = {isa = PBXFileReference; lastKnownFileType = folder.assetcatalog; path = Assets.xcassets; sourceTree = "<group>"; };
		DA7D2DBD1DB12154002BFB07 /* Base */ = {isa = PBXFileReference; lastKnownFileType = file.storyboard; name = Base; path = Base.lproj/LaunchScreen.storyboard; sourceTree = "<group>"; };
		DA7D2DBF1DB12154002BFB07 /* Info.plist */ = {isa = PBXFileReference; lastKnownFileType = text.plist.xml; path = Info.plist; sourceTree = "<group>"; };
		DA7D2DC41DB12154002BFB07 /* MKSimpleChartViewUITests.xctest */ = {isa = PBXFileReference; explicitFileType = wrapper.cfbundle; includeInIndex = 0; path = MKSimpleChartViewUITests.xctest; sourceTree = BUILT_PRODUCTS_DIR; };
		DA7D2DC81DB12154002BFB07 /* MKSimpleChartViewUITests.m */ = {isa = PBXFileReference; lastKnownFileType = sourcecode.c.objc; path = MKSimpleChartViewUITests.m; sourceTree = "<group>"; };
		DA7D2DCA1DB12154002BFB07 /* Info.plist */ = {isa = PBXFileReference; lastKnownFileType = text.plist.xml; path = Info.plist; sourceTree = "<group>"; };
		DA7D2DD31DB12243002BFB07 /* MKSimpleChartView.m */ = {isa = PBXFileReference; fileEncoding = 4; lastKnownFileType = sourcecode.c.objc; path = MKSimpleChartView.m; sourceTree = "<group>"; };
		DA7D2DD41DB12243002BFB07 /* data.txt */ = {isa = PBXFileReference; fileEncoding = 4; lastKnownFileType = text; path = data.txt; sourceTree = "<group>"; };
		DA7D2DD51DB12243002BFB07 /* MKSimpleChartView.h */ = {isa = PBXFileReference; fileEncoding = 4; lastKnownFileType = sourcecode.c.h; path = MKSimpleChartView.h; sourceTree = "<group>"; };
		DA7D2DD61DB12243002BFB07 /* UIView+FrameCategory.h */ = {isa = PBXFileReference; fileEncoding = 4; lastKnownFileType = sourcecode.c.h; path = "UIView+FrameCategory.h"; sourceTree = "<group>"; };
		DA7D2DD71DB12243002BFB07 /* UIView+FrameCategory.m */ = {isa = PBXFileReference; fileEncoding = 4; lastKnownFileType = sourcecode.c.objc; path = "UIView+FrameCategory.m"; sourceTree = "<group>"; };
/* End PBXFileReference section */

/* Begin PBXFrameworksBuildPhase section */
		DA7D2DA81DB12154002BFB07 /* Frameworks */ = {
			isa = PBXFrameworksBuildPhase;
			buildActionMask = 2147483647;
			files = (
			);
			runOnlyForDeploymentPostprocessing = 0;
		};
		DA7D2DC11DB12154002BFB07 /* Frameworks */ = {
			isa = PBXFrameworksBuildPhase;
			buildActionMask = 2147483647;
			files = (
			);
			runOnlyForDeploymentPostprocessing = 0;
		};
/* End PBXFrameworksBuildPhase section */

/* Begin PBXGroup section */
		DA7D2DA21DB12154002BFB07 = {
			isa = PBXGroup;
			children = (
				DA7D2DAD1DB12154002BFB07 /* MKSimpleChartView */,
				DA7D2DC71DB12154002BFB07 /* MKSimpleChartViewUITests */,
				DA7D2DAC1DB12154002BFB07 /* Products */,
			);
			sourceTree = "<group>";
		};
		DA7D2DAC1DB12154002BFB07 /* Products */ = {
			isa = PBXGroup;
			children = (
				DA7D2DAB1DB12154002BFB07 /* MKSimpleChartView.app */,
				DA7D2DC41DB12154002BFB07 /* MKSimpleChartViewUITests.xctest */,
			);
			name = Products;
			sourceTree = "<group>";
		};
		DA7D2DAD1DB12154002BFB07 /* MKSimpleChartView */ = {
			isa = PBXGroup;
			children = (
				DA7D2DD51DB12243002BFB07 /* MKSimpleChartView.h */,
				DA7D2DD31DB12243002BFB07 /* MKSimpleChartView.m */,
				DA7D2DD61DB12243002BFB07 /* UIView+FrameCategory.h */,
				DA7D2DD71DB12243002BFB07 /* UIView+FrameCategory.m */,
				DA7D2DB41DB12154002BFB07 /* ViewController.h */,
				DA7D2DB51DB12154002BFB07 /* ViewController.m */,
				DA7D2DAE1DB12154002BFB07 /* Supporting Files */,
			);
			path = MKSimpleChartView;
			sourceTree = "<group>";
		};
		DA7D2DAE1DB12154002BFB07 /* Supporting Files */ = {
			isa = PBXGroup;
			children = (
				DA7D2DD41DB12243002BFB07 /* data.txt */,
				DA7D2DB11DB12154002BFB07 /* AppDelegate.h */,
				DA7D2DB21DB12154002BFB07 /* AppDelegate.m */,
				DA7D2DAF1DB12154002BFB07 /* main.m */,
				DA7D2DB71DB12154002BFB07 /* Main.storyboard */,
				DA7D2DBA1DB12154002BFB07 /* Assets.xcassets */,
				DA7D2DBC1DB12154002BFB07 /* LaunchScreen.storyboard */,
				DA7D2DBF1DB12154002BFB07 /* Info.plist */,
			);
			name = "Supporting Files";
			sourceTree = "<group>";
		};
		DA7D2DC71DB12154002BFB07 /* MKSimpleChartViewUITests */ = {
			isa = PBXGroup;
			children = (
				DA7D2DC81DB12154002BFB07 /* MKSimpleChartViewUITests.m */,
				DA7D2DCA1DB12154002BFB07 /* Info.plist */,
			);
			path = MKSimpleChartViewUITests;
			sourceTree = "<group>";
		};
/* End PBXGroup section */

/* Begin PBXNativeTarget section */
		DA7D2DAA1DB12154002BFB07 /* MKSimpleChartView */ = {
			isa = PBXNativeTarget;
			buildConfigurationList = DA7D2DCD1DB12154002BFB07 /* Build configuration list for PBXNativeTarget "MKSimpleChartView" */;
			buildPhases = (
				DA7D2DA71DB12154002BFB07 /* Sources */,
				DA7D2DA81DB12154002BFB07 /* Frameworks */,
				DA7D2DA91DB12154002BFB07 /* Resources */,
			);
			buildRules = (
			);
			dependencies = (
			);
			name = MKSimpleChartView;
			productName = MKSimpleChartView;
			productReference = DA7D2DAB1DB12154002BFB07 /* MKSimpleChartView.app */;
			productType = "com.apple.product-type.application";
		};
		DA7D2DC31DB12154002BFB07 /* MKSimpleChartViewUITests */ = {
			isa = PBXNativeTarget;
			buildConfigurationList = DA7D2DD01DB12154002BFB07 /* Build configuration list for PBXNativeTarget "MKSimpleChartViewUITests" */;
			buildPhases = (
				DA7D2DC01DB12154002BFB07 /* Sources */,
				DA7D2DC11DB12154002BFB07 /* Frameworks */,
				DA7D2DC21DB12154002BFB07 /* Resources */,
			);
			buildRules = (
			);
			dependencies = (
				DA7D2DC61DB12154002BFB07 /* PBXTargetDependency */,
			);
			name = MKSimpleChartViewUITests;
			productName = MKSimpleChartViewUITests;
			productReference = DA7D2DC41DB12154002BFB07 /* MKSimpleChartViewUITests.xctest */;
			productType = "com.apple.product-type.bundle.ui-testing";
		};
/* End PBXNativeTarget section */

/* Begin PBXProject section */
		DA7D2DA31DB12154002BFB07 /* Project object */ = {
			isa = PBXProject;
			attributes = {
				LastUpgradeCheck = 0730;
				ORGANIZATIONNAME = gkoudai_xsm;
				TargetAttributes = {
					DA7D2DAA1DB12154002BFB07 = {
						CreatedOnToolsVersion = 7.3.1;
					};
					DA7D2DC31DB12154002BFB07 = {
						CreatedOnToolsVersion = 7.3.1;
						TestTargetID = DA7D2DAA1DB12154002BFB07;
					};
				};
			};
			buildConfigurationList = DA7D2DA61DB12154002BFB07 /* Build configuration list for PBXProject "MKSimpleChartView" */;
			compatibilityVersion = "Xcode 3.2";
			developmentRegion = English;
			hasScannedForEncodings = 0;
			knownRegions = (
				en,
				Base,
			);
			mainGroup = DA7D2DA21DB12154002BFB07;
			productRefGroup = DA7D2DAC1DB12154002BFB07 /* Products */;
			projectDirPath = "";
			projectRoot = "";
			targets = (
				DA7D2DAA1DB12154002BFB07 /* MKSimpleChartView */,
				DA7D2DC31DB12154002BFB07 /* MKSimpleChartViewUITests */,
			);
		};
/* End PBXProject section */

/* Begin PBXResourcesBuildPhase section */
		DA7D2DA91DB12154002BFB07 /* Resources */ = {
			isa = PBXResourcesBuildPhase;
			buildActionMask = 2147483647;
			files = (
				DA7D2DD91DB12243002BFB07 /* data.txt in Resources */,
				DA7D2DBE1DB12154002BFB07 /* LaunchScreen.storyboard in Resources */,
				DA7D2DBB1DB12154002BFB07 /* Assets.xcassets in Resources */,
				DA7D2DB91DB12154002BFB07 /* Main.storyboard in Resources */,
			);
			runOnlyForDeploymentPostprocessing = 0;
		};
		DA7D2DC21DB12154002BFB07 /* Resources */ = {
			isa = PBXResourcesBuildPhase;
			buildActionMask = 2147483647;
			files = (
			);
			runOnlyForDeploymentPostprocessing = 0;
		};
/* End PBXResourcesBuildPhase section */

/* Begin PBXSourcesBuildPhase section */
		DA7D2DA71DB12154002BFB07 /* Sources */ = {
			isa = PBXSourcesBuildPhase;
			buildActionMask = 2147483647;
			files = (
				DA7D2DB61DB12154002BFB07 /* ViewController.m in Sources */,
				DA7D2DD81DB12243002BFB07 /* MKSimpleChartView.m in Sources */,
				DA7D2DDA1DB12243002BFB07 /* UIView+FrameCategory.m in Sources */,
				DA7D2DB31DB12154002BFB07 /* AppDelegate.m in Sources */,
				DA7D2DB01DB12154002BFB07 /* main.m in Sources */,
			);
			runOnlyForDeploymentPostprocessing = 0;
		};
		DA7D2DC01DB12154002BFB07 /* Sources */ = {
			isa = PBXSourcesBuildPhase;
			buildActionMask = 2147483647;
			files = (
				DA7D2DC91DB12154002BFB07 /* MKSimpleChartViewUITests.m in Sources */,
			);
			runOnlyForDeploymentPostprocessing = 0;
		};
/* End PBXSourcesBuildPhase section */

/* Begin PBXTargetDependency section */
		DA7D2DC61DB12154002BFB07 /* PBXTargetDependency */ = {
			isa = PBXTargetDependency;
			target = DA7D2DAA1DB12154002BFB07 /* MKSimpleChartView */;
			targetProxy = DA7D2DC51DB12154002BFB07 /* PBXContainerItemProxy */;
		};
/* End PBXTargetDependency section */

/* Begin PBXVariantGroup section */
		DA7D2DB71DB12154002BFB07 /* Main.storyboard */ = {
			isa = PBXVariantGroup;
			children = (
				DA7D2DB81DB12154002BFB07 /* Base */,
			);
			name = Main.storyboard;
			sourceTree = "<group>";
		};
		DA7D2DBC1DB12154002BFB07 /* LaunchScreen.storyboard */ = {
			isa = PBXVariantGroup;
			children = (
				DA7D2DBD1DB12154002BFB07 /* Base */,
			);
			name = LaunchScreen.storyboard;
			sourceTree = "<group>";
		};
/* End PBXVariantGroup section */

/* Begin XCBuildConfiguration section */
		DA7D2DCB1DB12154002BFB07 /* Debug */ = {
			isa = XCBuildConfiguration;
			buildSettings = {
				ALWAYS_SEARCH_USER_PATHS = NO;
				CLANG_ANALYZER_NONNULL = YES;
				CLANG_CXX_LANGUAGE_STANDARD = "gnu++0x";
				CLANG_CXX_LIBRARY = "libc++";
				CLANG_ENABLE_MODULES = YES;
				CLANG_ENABLE_OBJC_ARC = YES;
				CLANG_WARN_BOOL_CONVERSION = YES;
				CLANG_WARN_CONSTANT_CONVERSION = YES;
				CLANG_WARN_DIRECT_OBJC_ISA_USAGE = YES_ERROR;
				CLANG_WARN_EMPTY_BODY = YES;
				CLANG_WARN_ENUM_CONVERSION = YES;
				CLANG_WARN_INT_CONVERSION = YES;
				CLANG_WARN_OBJC_ROOT_CLASS = YES_ERROR;
				CLANG_WARN_UNREACHABLE_CODE = YES;
				CLANG_WARN__DUPLICATE_METHOD_MATCH = YES;
				"CODE_SIGN_IDENTITY[sdk=iphoneos*]" = "iPhone Developer";
				COPY_PHASE_STRIP = NO;
				DEBUG_INFORMATION_FORMAT = dwarf;
				ENABLE_STRICT_OBJC_MSGSEND = YES;
				ENABLE_TESTABILITY = YES;
				GCC_C_LANGUAGE_STANDARD = gnu99;
				GCC_DYNAMIC_NO_PIC = NO;
				GCC_NO_COMMON_BLOCKS = YES;
				GCC_OPTIMIZATION_LEVEL = 0;
				GCC_PREPROCESSOR_DEFINITIONS = (
					"DEBUG=1",
					"$(inherited)",
				);
				GCC_WARN_64_TO_32_BIT_CONVERSION = YES;
				GCC_WARN_ABOUT_RETURN_TYPE = YES_ERROR;
				GCC_WARN_UNDECLARED_SELECTOR = YES;
				GCC_WARN_UNINITIALIZED_AUTOS = YES_AGGRESSIVE;
				GCC_WARN_UNUSED_FUNCTION = YES;
				GCC_WARN_UNUSED_VARIABLE = YES;
				IPHONEOS_DEPLOYMENT_TARGET = 9.3;
				MTL_ENABLE_DEBUG_INFO = YES;
				ONLY_ACTIVE_ARCH = YES;
				SDKROOT = iphoneos;
				TARGETED_DEVICE_FAMILY = "1,2";
			};
			name = Debug;
		};
		DA7D2DCC1DB12154002BFB07 /* Release */ = {
			isa = XCBuildConfiguration;
			buildSettings = {
				ALWAYS_SEARCH_USER_PATHS = NO;
				CLANG_ANALYZER_NONNULL = YES;
				CLANG_CXX_LANGUAGE_STANDARD = "gnu++0x";
				CLANG_CXX_LIBRARY = "libc++";
				CLANG_ENABLE_MODULES = YES;
				CLANG_ENABLE_OBJC_ARC = YES;
				CLANG_WARN_BOOL_CONVERSION = YES;
				CLANG_WARN_CONSTANT_CONVERSION = YES;
				CLANG_WARN_DIRECT_OBJC_ISA_USAGE = YES_ERROR;
				CLANG_WARN_EMPTY_BODY = YES;
				CLANG_WARN_ENUM_CONVERSION = YES;
				CLANG_WARN_INT_CONVERSION = YES;
				CLANG_WARN_OBJC_ROOT_CLASS = YES_ERROR;
				CLANG_WARN_UNREACHABLE_CODE = YES;
				CLANG_WARN__DUPLICATE_METHOD_MATCH = YES;
				"CODE_SIGN_IDENTITY[sdk=iphoneos*]" = "iPhone Developer";
				COPY_PHASE_STRIP = NO;
				DEBUG_INFORMATION_FORMAT = "dwarf-with-dsym";
				ENABLE_NS_ASSERTIONS = NO;
				ENABLE_STRICT_OBJC_MSGSEND = YES;
				GCC_C_LANGUAGE_STANDARD = gnu99;
				GCC_NO_COMMON_BLOCKS = YES;
				GCC_WARN_64_TO_32_BIT_CONVERSION = YES;
				GCC_WARN_ABOUT_RETURN_TYPE = YES_ERROR;
				GCC_WARN_UNDECLARED_SELECTOR = YES;
				GCC_WARN_UNINITIALIZED_AUTOS = YES_AGGRESSIVE;
				GCC_WARN_UNUSED_FUNCTION = YES;
				GCC_WARN_UNUSED_VARIABLE = YES;
				IPHONEOS_DEPLOYMENT_TARGET = 9.3;
				MTL_ENABLE_DEBUG_INFO = NO;
				SDKROOT = iphoneos;
				TARGETED_DEVICE_FAMILY = "1,2";
				VALIDATE_PRODUCT = YES;
			};
			name = Release;
		};
		DA7D2DCE1DB12154002BFB07 /* Debug */ = {
			isa = XCBuildConfiguration;
			buildSettings = {
				ASSETCATALOG_COMPILER_APPICON_NAME = AppIcon;
				INFOPLIST_FILE = MKSimpleChartView/Info.plist;
				LD_RUNPATH_SEARCH_PATHS = "$(inherited) @executable_path/Frameworks";
				PRODUCT_BUNDLE_IDENTIFIER = com.sojex.MKSimpleChartView;
				PRODUCT_NAME = "$(TARGET_NAME)";
			};
			name = Debug;
		};
		DA7D2DCF1DB12154002BFB07 /* Release */ = {
			isa = XCBuildConfiguration;
			buildSettings = {
				ASSETCATALOG_COMPILER_APPICON_NAME = AppIcon;
				INFOPLIST_FILE = MKSimpleChartView/Info.plist;
				LD_RUNPATH_SEARCH_PATHS = "$(inherited) @executable_path/Frameworks";
				PRODUCT_BUNDLE_IDENTIFIER = com.sojex.MKSimpleChartView;
				PRODUCT_NAME = "$(TARGET_NAME)";
			};
			name = Release;
		};
		DA7D2DD11DB12154002BFB07 /* Debug */ = {
			isa = XCBuildConfiguration;
			buildSettings = {
				INFOPLIST_FILE = MKSimpleChartViewUITests/Info.plist;
				LD_RUNPATH_SEARCH_PATHS = "$(inherited) @executable_path/Frameworks @loader_path/Frameworks";
				PRODUCT_BUNDLE_IDENTIFIER = com.sojex.MKSimpleChartViewUITests;
				PRODUCT_NAME = "$(TARGET_NAME)";
				TEST_TARGET_NAME = MKSimpleChartView;
			};
			name = Debug;
		};
		DA7D2DD21DB12154002BFB07 /* Release */ = {
			isa = XCBuildConfiguration;
			buildSettings = {
				INFOPLIST_FILE = MKSimpleChartViewUITests/Info.plist;
				LD_RUNPATH_SEARCH_PATHS = "$(inherited) @executable_path/Frameworks @loader_path/Frameworks";
				PRODUCT_BUNDLE_IDENTIFIER = com.sojex.MKSimpleChartViewUITests;
				PRODUCT_NAME = "$(TARGET_NAME)";
				TEST_TARGET_NAME = MKSimpleChartView;
			};
			name = Release;
		};
/* End XCBuildConfiguration section */

/* Begin XCConfigurationList section */
		DA7D2DA61DB12154002BFB07 /* Build configuration list for PBXProject "MKSimpleChartView" */ = {
			isa = XCConfigurationList;
			buildConfigurations = (
				DA7D2DCB1DB12154002BFB07 /* Debug */,
				DA7D2DCC1DB12154002BFB07 /* Release */,
			);
			defaultConfigurationIsVisible = 0;
			defaultConfigurationName = Release;
		};
		DA7D2DCD1DB12154002BFB07 /* Build configuration list for PBXNativeTarget "MKSimpleChartView" */ = {
			isa = XCConfigurationList;
			buildConfigurations = (
				DA7D2DCE1DB12154002BFB07 /* Debug */,
				DA7D2DCF1DB12154002BFB07 /* Release */,
			);
			defaultConfigurationIsVisible = 0;
		};
		DA7D2DD01DB12154002BFB07 /* Build configuration list for PBXNativeTarget "MKSimpleChartViewUITests" */ = {
			isa = XCConfigurationList;
			buildConfigurations = (
				DA7D2DD11DB12154002BFB07 /* Debug */,
				DA7D2DD21DB12154002BFB07 /* Release */,
			);
			defaultConfigurationIsVisible = 0;
		};
/* End XCConfigurationList section */
	};
	rootObject = DA7D2DA31DB12154002BFB07 /* Project object */;
}
